
Microsoft Visual Studio Solution File, Format Version 12.00
# Visual Studio Version 17
VisualStudioVersion = 17.4.33205.214
MinimumVisualStudioVersion = 10.0.40219.1
Project("{FAE04EC0-301F-11D3-BF4B-00C04F79EFBC}") = "CinemaDB_EFC", "CinemaDB_EFC\CinemaDB_EFC.csproj", "{79B0F3BC-6A15-4541-9ED9-E7BE2FA54C25}"
EndProject
Global
	GlobalSection(SolutionConfigurationPlatforms) = preSolution
		Debug|Any CPU = Debug|Any CPU
		Release|Any CPU = Release|Any CPU
	EndGlobalSection
	GlobalSection(ProjectConfigurationPlatforms) = postSolution
		{79B0F3BC-6A15-4541-9ED9-E7BE2FA54C25}.Debug|Any CPU.ActiveCfg = Debug|Any CPU
		{79B0F3BC-6A15-4541-9ED9-E7BE2FA54C25}.Debug|Any CPU.Build.0 = Debug|Any CPU
		{79B0F3BC-6A15-4541-9ED9-E7BE2FA54C25}.Release|Any CPU.ActiveCfg = Release|Any CPU
		{79B0F3BC-6A15-4541-9ED9-E7BE2FA54C25}.Release|Any CPU.Build.0 = Release|Any CPU
	EndGlobalSection
	GlobalSection(SolutionProperties) = preSolution
		HideSolutionNode = FALSE
	EndGlobalSection
	GlobalSection(ExtensibilityGlobals) = postSolution
		SolutionGuid = {19784538-A094-4A49-8DC7-B9390AD1387B}
	EndGlobalSection
EndGlobal
